<?xml version="1.0" encoding="utf-8"?>
<Project ToolsVersion="4.0" xmlns="http://schemas.microsoft.com/developer/msbuild/2003">
  <ItemGroup>
    <Filter Include="Algorithms">
      <UniqueIdentifier>{7517a316-b958-46b0-ad1c-748bb698da78}</UniqueIdentifier>
    </Filter>
    <Filter Include="Algorithms\Pathfinding">
      <UniqueIdentifier>{da953aac-af71-41e3-bbc8-f76d035cd315}</UniqueIdentifier>
    </Filter>
    <Filter Include="Collections">
      <UniqueIdentifier>{89a226f7-9cb7-4c04-9eca-d7dee51cc058}</UniqueIdentifier>
    </Filter>
    <Filter Include="Collections\BinarySearchTree">
      <UniqueIdentifier>{239ba324-1bc2-449f-b524-d4d2579effbc}</UniqueIdentifier>
    </Filter>
    <Filter Include="Collections\DoublyLinkedList">
      <UniqueIdentifier>{05f0a52c-7e47-41bd-ad1e-dd15710b1d21}</UniqueIdentifier>
    </Filter>
    <Filter Include="Debugging">
      <UniqueIdentifier>{e8ccd60e-c510-4afd-bbc4-7201a1d49a48}</UniqueIdentifier>
    </Filter>
    <Filter Include="Shapes">
      <UniqueIdentifier>{be87e4c0-92ec-462d-8681-275d20af00c6}</UniqueIdentifier>
    </Filter>
    <Filter Include="Input">
      <UniqueIdentifier>{482b2940-82b0-4bf4-9952-94dc11bd6952}</UniqueIdentifier>
    </Filter>
    <Filter Include="JsonUtility">
      <UniqueIdentifier>{7fc2bbfa-e79d-4578-901d-39325c63a78c}</UniqueIdentifier>
    </Filter>
    <Filter Include="Math">
      <UniqueIdentifier>{b3911045-6891-47b6-b39e-c50cfb121a62}</UniqueIdentifier>
    </Filter>
    <Filter Include="Math\Matrix">
      <UniqueIdentifier>{7753ca78-89fa-4eac-a56e-b078f53ca8f3}</UniqueIdentifier>
    </Filter>
    <Filter Include="Random">
      <UniqueIdentifier>{0f042a63-b19e-44ab-8279-39d9380514cb}</UniqueIdentifier>
    </Filter>
    <Filter Include="Timer">
      <UniqueIdentifier>{d751e9c2-1e11-4fbc-b039-776c9f2dc6ad}</UniqueIdentifier>
    </Filter>
  </ItemGroup>
  <ItemGroup>
    <ClCompile Include="Algorithms\Pathfinding\AStar.cpp">
      <Filter>Algorithms\Pathfinding</Filter>
    </ClCompile>
    <ClCompile Include="Algorithms\Pathfinding\Pathfinding.cpp">
      <Filter>Algorithms\Pathfinding</Filter>
    </ClCompile>
    <ClCompile Include="Debugging\StackWalker\StackWalker.cpp">
      <Filter>Debugging</Filter>
    </ClCompile>
    <ClCompile Include="Debugging\DL_Debug.cpp">
      <Filter>Debugging</Filter>
    </ClCompile>
    <ClCompile Include="Debugging\DL_StackWalker.cpp">
      <Filter>Debugging</Filter>
    </ClCompile>
    <ClCompile Include="Input\InputHandler.cpp">
      <Filter>Input</Filter>
    </ClCompile>
    <ClCompile Include="JsonUtility\JsonUtility.cpp">
      <Filter>JsonUtility</Filter>
    </ClCompile>
    <ClCompile Include="Random\Random.cpp">
      <Filter>Random</Filter>
    </ClCompile>
    <ClCompile Include="Timer\Timer.cpp">
      <Filter>Timer</Filter>
    </ClCompile>
    <ClCompile Include="Algorithms\Pathfinding\Dijkstra.cpp">
      <Filter>Algorithms\Pathfinding</Filter>
    </ClCompile>
  </ItemGroup>
  <ItemGroup>
    <ClInclude Include="Algorithms\Pathfinding\AStar.h">
      <Filter>Algorithms\Pathfinding</Filter>
    </ClInclude>
    <ClInclude Include="Algorithms\Pathfinding\Pathfinding.h">
      <Filter>Algorithms\Pathfinding</Filter>
    </ClInclude>
    <ClInclude Include="Collections\BinarySearchTree\BSTSet.hpp">
      <Filter>Collections\BinarySearchTree</Filter>
    </ClInclude>
    <ClInclude Include="Collections\BinarySearchTree\BSTSetNode.h">
      <Filter>Collections\BinarySearchTree</Filter>
    </ClInclude>
    <ClInclude Include="Collections\DoublyLinkedList\DoublyLinkedList.h">
      <Filter>Collections\DoublyLinkedList</Filter>
    </ClInclude>
    <ClInclude Include="Collections\DoublyLinkedList\DoublyLinkedListNode.h">
      <Filter>Collections\DoublyLinkedList</Filter>
    </ClInclude>
    <ClInclude Include="Collections\GrowingArray.h">
      <Filter>Collections</Filter>
    </ClInclude>
    <ClInclude Include="Collections\Heap.hpp">
      <Filter>Collections</Filter>
    </ClInclude>
    <ClInclude Include="Collections\Queue.h">
      <Filter>Collections</Filter>
    </ClInclude>
    <ClInclude Include="Collections\Stack.h">
      <Filter>Collections</Filter>
    </ClInclude>
    <ClInclude Include="Collections\StaticArray.h">
      <Filter>Collections</Filter>
    </ClInclude>
    <ClInclude Include="Collections\VectorOnStack.h">
      <Filter>Collections</Filter>
    </ClInclude>
    <ClInclude Include="Debugging\StackWalker\StackWalker.h">
      <Filter>Debugging</Filter>
    </ClInclude>
    <ClInclude Include="Debugging\DL_assert.h">
      <Filter>Debugging</Filter>
    </ClInclude>
    <ClInclude Include="Debugging\DL_Debug.h">
      <Filter>Debugging</Filter>
    </ClInclude>
    <ClInclude Include="Debugging\DL_StackWalker.h">
      <Filter>Debugging</Filter>
    </ClInclude>
    <ClInclude Include="Geometry\AABB3D.h">
      <Filter>Shapes</Filter>
    </ClInclude>
    <ClInclude Include="Geometry\Line.h">
      <Filter>Shapes</Filter>
    </ClInclude>
    <ClInclude Include="Geometry\LineVolume.h">
      <Filter>Shapes</Filter>
    </ClInclude>
    <ClInclude Include="Geometry\Plane.h">
      <Filter>Shapes</Filter>
    </ClInclude>
    <ClInclude Include="Geometry\PlaneVolume.h">
      <Filter>Shapes</Filter>
    </ClInclude>
    <ClInclude Include="Geometry\Ray.h">
      <Filter>Shapes</Filter>
    </ClInclude>
    <ClInclude Include="Geometry\Sphere.h">
      <Filter>Shapes</Filter>
    </ClInclude>
    <ClInclude Include="Input\InputHandler.h">
      <Filter>Input</Filter>
    </ClInclude>
    <ClInclude Include="JsonUtility\JsonUtility.h">
      <Filter>JsonUtility</Filter>
    </ClInclude>
    <ClInclude Include="Math\Matrix\Matrix.h">
      <Filter>Math\Matrix</Filter>
    </ClInclude>
    <ClInclude Include="Math\Matrix\Matrix3x3.h">
      <Filter>Math\Matrix</Filter>
    </ClInclude>
    <ClInclude Include="Math\Matrix\Matrix4x4.h">
      <Filter>Math\Matrix</Filter>
    </ClInclude>
    <ClInclude Include="Math\Vector.h">
      <Filter>Math</Filter>
    </ClInclude>
    <ClInclude Include="Math\Vector2.h">
      <Filter>Math</Filter>
    </ClInclude>
    <ClInclude Include="Math\Vector3.h">
      <Filter>Math</Filter>
    </ClInclude>
    <ClInclude Include="Math\Vector4.h">
      <Filter>Math</Filter>
    </ClInclude>
    <ClInclude Include="Random\Random.h">
      <Filter>Random</Filter>
    </ClInclude>
    <ClInclude Include="Timer\Timer.h">
      <Filter>Timer</Filter>
    </ClInclude>
    <ClInclude Include="Algorithms\Pathfinding\Dijkstra.hpp">
      <Filter>Algorithms\Pathfinding</Filter>
    </ClInclude>
  </ItemGroup>
</Project>